
Microsoft Visual Studio Solution File, Format Version 12.00
# Visual Studio Version 17
VisualStudioVersion = 17.3.32922.545
MinimumVisualStudioVersion = 10.0.40219.1
Project("{9A19103F-16F7-4668-BE54-9A1E7A4F7556}") = "BethanysPieShopProject", "BethanysPieShopProject\BethanysPieShopProject.csproj", "{FF52C3BC-7021-4E6D-9ED7-ACACCCD45FAC}"
EndProject
Project("{FAE04EC0-301F-11D3-BF4B-00C04F79EFBC}") = "Common", "Common\Common.csproj", "{0F9F35AA-9A07-45A6-BED3-5D3611471066}"
EndProject
Global
	GlobalSection(SolutionConfigurationPlatforms) = preSolution
		Debug|Any CPU = Debug|Any CPU
		Release|Any CPU = Release|Any CPU
	EndGlobalSection
	GlobalSection(ProjectConfigurationPlatforms) = postSolution
		{FF52C3BC-7021-4E6D-9ED7-ACACCCD45FAC}.Debug|Any CPU.ActiveCfg = Debug|Any CPU
		{FF52C3BC-7021-4E6D-9ED7-ACACCCD45FAC}.Debug|Any CPU.Build.0 = Debug|Any CPU
		{FF52C3BC-7021-4E6D-9ED7-ACACCCD45FAC}.Release|Any CPU.ActiveCfg = Release|Any CPU
		{FF52C3BC-7021-4E6D-9ED7-ACACCCD45FAC}.Release|Any CPU.Build.0 = Release|Any CPU
		{0F9F35AA-9A07-45A6-BED3-5D3611471066}.Debug|Any CPU.ActiveCfg = Debug|Any CPU
		{0F9F35AA-9A07-45A6-BED3-5D3611471066}.Debug|Any CPU.Build.0 = Debug|Any CPU
		{0F9F35AA-9A07-45A6-BED3-5D3611471066}.Release|Any CPU.ActiveCfg = Release|Any CPU
		{0F9F35AA-9A07-45A6-BED3-5D3611471066}.Release|Any CPU.Build.0 = Release|Any CPU
	EndGlobalSection
	GlobalSection(SolutionProperties) = preSolution
		HideSolutionNode = FALSE
	EndGlobalSection
	GlobalSection(ExtensibilityGlobals) = postSolution
		SolutionGuid = {F7DC14D5-EBFA-4146-BDA4-FA69899EDF8C}
	EndGlobalSection
EndGlobal
